
Microsoft Visual Studio Solution File, Format Version 11.00
# Visual Studio 2010
Project("{FAE04EC0-301F-11D3-BF4B-00C04F79EFBC}") = "ULinkRPC.Runtime.Client", "ULinkRPC.Runtime.Client.csproj", "{bdb6965f-d066-ae0e-b05d-48e51f592248}"
EndProject
Project("{FAE04EC0-301F-11D3-BF4B-00C04F79EFBC}") = "ULinkRPC.Runtime.Generated", "ULinkRPC.Runtime.Generated.csproj", "{08960877-b6cb-16bd-a53a-51003b1ae5e2}"
EndProject
Project("{FAE04EC0-301F-11D3-BF4B-00C04F79EFBC}") = "Game.Rpc.Tests.Editor", "Game.Rpc.Tests.Editor.csproj", "{cdc5151b-f073-2319-ac2d-11e0455eba71}"
EndProject
Project("{FAE04EC0-301F-11D3-BF4B-00C04F79EFBC}") = "ULinkRPC.Runtime.Testing", "ULinkRPC.Runtime.Testing.csproj", "{83eb3f6d-7862-14c3-7faa-a76fa2e3fdf9}"
EndProject
Project("{FAE04EC0-301F-11D3-BF4B-00C04F79EFBC}") = "Assembly-CSharp", "Assembly-CSharp.csproj", "{321ac8e9-822c-72d0-99d5-4efff625e306}"
EndProject
Global
	GlobalSection(SolutionConfigurationPlatforms) = preSolution
		Debug|Any CPU = Debug|Any CPU
	EndGlobalSection
	GlobalSection(ProjectConfigurationPlatforms) = postSolution
		{bdb6965f-d066-ae0e-b05d-48e51f592248}.Debug|Any CPU.ActiveCfg = Debug|Any CPU
		{bdb6965f-d066-ae0e-b05d-48e51f592248}.Debug|Any CPU.Build.0 = Debug|Any CPU
		{08960877-b6cb-16bd-a53a-51003b1ae5e2}.Debug|Any CPU.ActiveCfg = Debug|Any CPU
		{08960877-b6cb-16bd-a53a-51003b1ae5e2}.Debug|Any CPU.Build.0 = Debug|Any CPU
		{cdc5151b-f073-2319-ac2d-11e0455eba71}.Debug|Any CPU.ActiveCfg = Debug|Any CPU
		{cdc5151b-f073-2319-ac2d-11e0455eba71}.Debug|Any CPU.Build.0 = Debug|Any CPU
		{83eb3f6d-7862-14c3-7faa-a76fa2e3fdf9}.Debug|Any CPU.ActiveCfg = Debug|Any CPU
		{83eb3f6d-7862-14c3-7faa-a76fa2e3fdf9}.Debug|Any CPU.Build.0 = Debug|Any CPU
		{321ac8e9-822c-72d0-99d5-4efff625e306}.Debug|Any CPU.ActiveCfg = Debug|Any CPU
		{321ac8e9-822c-72d0-99d5-4efff625e306}.Debug|Any CPU.Build.0 = Debug|Any CPU
	EndGlobalSection
	GlobalSection(SolutionProperties) = preSolution
		HideSolutionNode = FALSE
	EndGlobalSection
EndGlobal
